
Microsoft Visual Studio Solution File, Format Version 12.00
# Visual Studio Version 17
VisualStudioVersion = 17.14.36310.24 d17.14
MinimumVisualStudioVersion = 10.0.40219.1
Project("{FAE04EC0-301F-11D3-BF4B-00C04F79EFBC}") = "Steal the Pile", "Steal the Pile\Steal the Pile.csproj", "{E1A5C969-1337-4531-BB74-D68D66932F76}"
EndProject
Global
	GlobalSection(SolutionConfigurationPlatforms) = preSolution
		Debug|Any CPU = Debug|Any CPU
		Release|Any CPU = Release|Any CPU
	EndGlobalSection
	GlobalSection(ProjectConfigurationPlatforms) = postSolution
		{E1A5C969-1337-4531-BB74-D68D66932F76}.Debug|Any CPU.ActiveCfg = Debug|Any CPU
		{E1A5C969-1337-4531-BB74-D68D66932F76}.Debug|Any CPU.Build.0 = Debug|Any CPU
		{E1A5C969-1337-4531-BB74-D68D66932F76}.Release|Any CPU.ActiveCfg = Release|Any CPU
		{E1A5C969-1337-4531-BB74-D68D66932F76}.Release|Any CPU.Build.0 = Release|Any CPU
	EndGlobalSection
	GlobalSection(SolutionProperties) = preSolution
		HideSolutionNode = FALSE
	EndGlobalSection
	GlobalSection(ExtensibilityGlobals) = postSolution
		SolutionGuid = {CD972D27-FEA0-406A-BDD3-0FE0C8111235}
	EndGlobalSection
EndGlobal
